github.com/DiarmuidMalanaphy/networktools v0.3.0 h1:P5ED21ZBs2SJn+adKblbZn04GWsjraICbmIv7B+/VmQ=
github.com/DiarmuidMalanaphy/networktools v0.3.0/go.mod h1:2Va20xVeJIh+huJng1RUJ6Rdx5SDX8tZ9n0wmRBGyGM=
github.com/DiarmuidMalanaphy/networktools v0.3.1 h1:A2qDM39GJOXHJlp723KyLFyQvj4uEhiARkKkFhQnGs8=
github.com/DiarmuidMalanaphy/networktools v0.3.1/go.mod h1:KwcTRo0+MisicdcL8QvsvuSWOKeXasm/c2GKoX/F0no=
