github.com/DiarmuidMalanaphy/networktools v0.3.9 h1:C9kt+yewWj/6kBHjaD8W6k4kl9VCF9Wd52RO1CwQHV4=
github.com/DiarmuidMalanaphy/networktools v0.3.9/go.mod h1:u8Ztb0V8xH4w3fvVk1QoQ6kC1h4mUTQlbrvj6Mhcy5U=
github.com/DiarmuidMalanaphy/networktools v0.3.11 h1:ITQjt0bNPPIdqU1Oq+19Z4uJIKLrO0B6tBAPmNW94M8=
github.com/DiarmuidMalanaphy/networktools v0.3.11/go.mod h1:u8Ztb0V8xH4w3fvVk1QoQ6kC1h4mUTQlbrvj6Mhcy5U=
github.com/diarmuidmalanaphy/networktools v0.3.3 h1:9ryoVCZj+G4w+OurrF+i8BOkH5D7sRhQryLrWI1fSv4=
github.com/diarmuidmalanaphy/networktools v0.3.3/go.mod h1:1CaBLGS7nRAPfZTImaVm6fBIH58e+XYOHEyu+zU2l5o=
github.com/google/go-cmp v0.5.5 h1:Khx7svrCpmxxtHBq5j2mp/xVjsi8hQMfNLvJFAlrGgU=
golang.org/x/xerrors v0.0.0-20191204190536-9bdfabe68543 h1:E7g+9GITq07hpfrRu66IVDexMakfv52eLZ2CXBWiKr4=
google.golang.org/protobuf v1.34.2 h1:6xV6lTsCfpGD21XK49h7MhtcApnLqkfYgPcdHftf6hg=
google.golang.org/protobuf v1.34.2/go.mod h1:qYOHts0dSfpeUzUFpOMr/WGzszTmLH+DiWniOlNbLDw=
