github.com/DiarmuidMalanaphy/networktools v0.3.0 h1:P5ED21ZBs2SJn+adKblbZn04GWsjraICbmIv7B+/VmQ=
github.com/DiarmuidMalanaphy/networktools v0.3.0/go.mod h1:2Va20xVeJIh+huJng1RUJ6Rdx5SDX8tZ9n0wmRBGyGM=
github.com/diarmuidmalanaphy/networktools v0.3.2 h1:aTF2BF4002LlNlDOytVTQ+p96z5dzNaXRJbiaBnFDhY=
github.com/diarmuidmalanaphy/networktools v0.3.2/go.mod h1:V0mkVsK/7YIciR4sryqhiKJXQbWWnCTPav+TvaTDLWM=
github.com/diarmuidmalanaphy/networktools v0.3.3 h1:9ryoVCZj+G4w+OurrF+i8BOkH5D7sRhQryLrWI1fSv4=
github.com/diarmuidmalanaphy/networktools v0.3.3/go.mod h1:1CaBLGS7nRAPfZTImaVm6fBIH58e+XYOHEyu+zU2l5o=
